
Microsoft Visual Studio Solution File, Format Version 12.00
# Visual Studio Version 16
VisualStudioVersion = 16.0.30104.148
MinimumVisualStudioVersion = 10.0.40219.1
Project("{FAE04EC0-301F-11D3-BF4B-00C04F79EFBC}") = "SalaryCalculator", "SalaryCalculator.csproj", "{3BF59ECA-D42B-46E6-9AFC-152291EA5C5E}"
EndProject
Global
	GlobalSection(SolutionConfigurationPlatforms) = preSolution
		Debug|Any CPU = Debug|Any CPU
		Release|Any CPU = Release|Any CPU
	EndGlobalSection
	GlobalSection(ProjectConfigurationPlatforms) = postSolution
		{3BF59ECA-D42B-46E6-9AFC-152291EA5C5E}.Debug|Any CPU.ActiveCfg = Debug|Any CPU
		{3BF59ECA-D42B-46E6-9AFC-152291EA5C5E}.Debug|Any CPU.Build.0 = Debug|Any CPU
		{3BF59ECA-D42B-46E6-9AFC-152291EA5C5E}.Release|Any CPU.ActiveCfg = Release|Any CPU
		{3BF59ECA-D42B-46E6-9AFC-152291EA5C5E}.Release|Any CPU.Build.0 = Release|Any CPU
	EndGlobalSection
	GlobalSection(SolutionProperties) = preSolution
		HideSolutionNode = FALSE
	EndGlobalSection
	GlobalSection(ExtensibilityGlobals) = postSolution
		SolutionGuid = {C31B9F11-5422-4631-9B98-0E4657A7177D}
	EndGlobalSection
EndGlobal
